
Microsoft Visual Studio Solution File, Format Version 12.00
# Visual Studio Version 16
VisualStudioVersion = 16.0.31105.61
MinimumVisualStudioVersion = 10.0.40219.1
Project("{FAE04EC0-301F-11D3-BF4B-00C04F79EFBC}") = "MeetingCostAlert", "MeetingCostAlert\MeetingCostAlert.csproj", "{91EA0875-3C6C-4C62-956C-E93D495FAA61}"
EndProject
Global
	GlobalSection(SolutionConfigurationPlatforms) = preSolution
		Debug|Any CPU = Debug|Any CPU
		Release|Any CPU = Release|Any CPU
	EndGlobalSection
	GlobalSection(ProjectConfigurationPlatforms) = postSolution
		{91EA0875-3C6C-4C62-956C-E93D495FAA61}.Debug|Any CPU.ActiveCfg = Debug|Any CPU
		{91EA0875-3C6C-4C62-956C-E93D495FAA61}.Debug|Any CPU.Build.0 = Debug|Any CPU
		{91EA0875-3C6C-4C62-956C-E93D495FAA61}.Release|Any CPU.ActiveCfg = Release|Any CPU
		{91EA0875-3C6C-4C62-956C-E93D495FAA61}.Release|Any CPU.Build.0 = Release|Any CPU
	EndGlobalSection
	GlobalSection(SolutionProperties) = preSolution
		HideSolutionNode = FALSE
	EndGlobalSection
	GlobalSection(ExtensibilityGlobals) = postSolution
		SolutionGuid = {EFEA1925-9D40-47BF-9CF5-B3A7A691DAB0}
	EndGlobalSection
EndGlobal
